// !$*UTF8*$!
{
	archiveVersion = 1;
	classes = {
	};
	objectVersion = 50;
	objects = {

/* Begin PBXBuildFile section */
		171C5B0C2192C6F400240495 /* Gradient.swift in Sources */ = {isa = PBXBuildFile; fileRef = 171C5B0B2192C6F400240495 /* Gradient.swift */; };
		171C5B102192EFA200240495 /* GenderCell.swift in Sources */ = {isa = PBXBuildFile; fileRef = 171C5B0F2192EFA200240495 /* GenderCell.swift */; };
		171C5B14219429BA00240495 /* DataService.swift in Sources */ = {isa = PBXBuildFile; fileRef = 171C5B13219429BA00240495 /* DataService.swift */; };
		171C5B1A2194330300240495 /* GenderVC.swift in Sources */ = {isa = PBXBuildFile; fileRef = 171C5B192194330300240495 /* GenderVC.swift */; };
		171C5B1C2194332600240495 /* Gender.swift in Sources */ = {isa = PBXBuildFile; fileRef = 171C5B1B2194332600240495 /* Gender.swift */; };
		171C5B1E219437C200240495 /* Data.swift in Sources */ = {isa = PBXBuildFile; fileRef = 171C5B1D219437C200240495 /* Data.swift */; };
		171C5B202194380600240495 /* DataVC.swift in Sources */ = {isa = PBXBuildFile; fileRef = 171C5B1F2194380600240495 /* DataVC.swift */; };
		171C5B222194632300240495 /* DataCell.swift in Sources */ = {isa = PBXBuildFile; fileRef = 171C5B212194632300240495 /* DataCell.swift */; };
		173A28B921922A94003A90C6 /* AppDelegate.swift in Sources */ = {isa = PBXBuildFile; fileRef = 173A28B821922A94003A90C6 /* AppDelegate.swift */; };
		173A28BB21922A94003A90C6 /* CategoryVC.swift in Sources */ = {isa = PBXBuildFile; fileRef = 173A28BA21922A94003A90C6 /* CategoryVC.swift */; };
		173A28BE21922A94003A90C6 /* Main.storyboard in Resources */ = {isa = PBXBuildFile; fileRef = 173A28BC21922A94003A90C6 /* Main.storyboard */; };
		173A28C021922A97003A90C6 /* Assets.xcassets in Resources */ = {isa = PBXBuildFile; fileRef = 173A28BF21922A97003A90C6 /* Assets.xcassets */; };
		173A28C321922A97003A90C6 /* LaunchScreen.storyboard in Resources */ = {isa = PBXBuildFile; fileRef = 173A28C121922A97003A90C6 /* LaunchScreen.storyboard */; };
		173A28D121922DB7003A90C6 /* Constants.swift in Sources */ = {isa = PBXBuildFile; fileRef = 173A28D021922DB7003A90C6 /* Constants.swift */; };
		173A28D321922DEC003A90C6 /* CategoryService.swift in Sources */ = {isa = PBXBuildFile; fileRef = 173A28D221922DEC003A90C6 /* CategoryService.swift */; };
		173A28D521922DFA003A90C6 /* Category.swift in Sources */ = {isa = PBXBuildFile; fileRef = 173A28D421922DFA003A90C6 /* Category.swift */; };
		17AB7EE22192414000E49873 /* CategoryCell.swift in Sources */ = {isa = PBXBuildFile; fileRef = 17AB7EE12192414000E49873 /* CategoryCell.swift */; };
/* End PBXBuildFile section */

/* Begin PBXFileReference section */
		171C5B0B2192C6F400240495 /* Gradient.swift */ = {isa = PBXFileReference; lastKnownFileType = sourcecode.swift; path = Gradient.swift; sourceTree = "<group>"; };
		171C5B0F2192EFA200240495 /* GenderCell.swift */ = {isa = PBXFileReference; lastKnownFileType = sourcecode.swift; path = GenderCell.swift; sourceTree = "<group>"; };
		171C5B13219429BA00240495 /* DataService.swift */ = {isa = PBXFileReference; lastKnownFileType = sourcecode.swift; path = DataService.swift; sourceTree = "<group>"; };
		171C5B192194330300240495 /* GenderVC.swift */ = {isa = PBXFileReference; lastKnownFileType = sourcecode.swift; path = GenderVC.swift; sourceTree = "<group>"; };
		171C5B1B2194332600240495 /* Gender.swift */ = {isa = PBXFileReference; lastKnownFileType = sourcecode.swift; path = Gender.swift; sourceTree = "<group>"; };
		171C5B1D219437C200240495 /* Data.swift */ = {isa = PBXFileReference; lastKnownFileType = sourcecode.swift; path = Data.swift; sourceTree = "<group>"; };
		171C5B1F2194380600240495 /* DataVC.swift */ = {isa = PBXFileReference; lastKnownFileType = sourcecode.swift; path = DataVC.swift; sourceTree = "<group>"; };
		171C5B212194632300240495 /* DataCell.swift */ = {isa = PBXFileReference; lastKnownFileType = sourcecode.swift; path = DataCell.swift; sourceTree = "<group>"; };
		173A28B521922A94003A90C6 /* Naamkaran Project.app */ = {isa = PBXFileReference; explicitFileType = wrapper.application; includeInIndex = 0; path = "Naamkaran Project.app"; sourceTree = BUILT_PRODUCTS_DIR; };
		173A28B821922A94003A90C6 /* AppDelegate.swift */ = {isa = PBXFileReference; lastKnownFileType = sourcecode.swift; path = AppDelegate.swift; sourceTree = "<group>"; };
		173A28BA21922A94003A90C6 /* CategoryVC.swift */ = {isa = PBXFileReference; lastKnownFileType = sourcecode.swift; path = CategoryVC.swift; sourceTree = "<group>"; };
		173A28BD21922A94003A90C6 /* Base */ = {isa = PBXFileReference; lastKnownFileType = file.storyboard; name = Base; path = Base.lproj/Main.storyboard; sourceTree = "<group>"; };
		173A28BF21922A97003A90C6 /* Assets.xcassets */ = {isa = PBXFileReference; lastKnownFileType = folder.assetcatalog; path = Assets.xcassets; sourceTree = "<group>"; };
		173A28C221922A97003A90C6 /* Base */ = {isa = PBXFileReference; lastKnownFileType = file.storyboard; name = Base; path = Base.lproj/LaunchScreen.storyboard; sourceTree = "<group>"; };
		173A28C421922A97003A90C6 /* Info.plist */ = {isa = PBXFileReference; lastKnownFileType = text.plist.xml; path = Info.plist; sourceTree = "<group>"; };
		173A28D021922DB7003A90C6 /* Constants.swift */ = {isa = PBXFileReference; lastKnownFileType = sourcecode.swift; path = Constants.swift; sourceTree = "<group>"; };
		173A28D221922DEC003A90C6 /* CategoryService.swift */ = {isa = PBXFileReference; lastKnownFileType = sourcecode.swift; path = CategoryService.swift; sourceTree = "<group>"; };
		173A28D421922DFA003A90C6 /* Category.swift */ = {isa = PBXFileReference; lastKnownFileType = sourcecode.swift; path = Category.swift; sourceTree = "<group>"; };
		17AB7EE12192414000E49873 /* CategoryCell.swift */ = {isa = PBXFileReference; lastKnownFileType = sourcecode.swift; path = CategoryCell.swift; sourceTree = "<group>"; };
/* End PBXFileReference section */

/* Begin PBXFrameworksBuildPhase section */
		173A28B221922A94003A90C6 /* Frameworks */ = {
			isa = PBXFrameworksBuildPhase;
			buildActionMask = 2147483647;
			files = (
			);
			runOnlyForDeploymentPostprocessing = 0;
		};
/* End PBXFrameworksBuildPhase section */

/* Begin PBXGroup section */
		171C5B0A2192C6DB00240495 /* Extensions */ = {
			isa = PBXGroup;
			children = (
				171C5B0B2192C6F400240495 /* Gradient.swift */,
			);
			path = Extensions;
			sourceTree = "<group>";
		};
		173A28AC21922A94003A90C6 = {
			isa = PBXGroup;
			children = (
				173A28B721922A94003A90C6 /* Naamkaran Project */,
				173A28B621922A94003A90C6 /* Products */,
			);
			sourceTree = "<group>";
		};
		173A28B621922A94003A90C6 /* Products */ = {
			isa = PBXGroup;
			children = (
				173A28B521922A94003A90C6 /* Naamkaran Project.app */,
			);
			name = Products;
			sourceTree = "<group>";
		};
		173A28B721922A94003A90C6 /* Naamkaran Project */ = {
			isa = PBXGroup;
			children = (
				171C5B0A2192C6DB00240495 /* Extensions */,
				173A28CF21922DA1003A90C6 /* Services */,
				173A28CE21922CA1003A90C6 /* Supporting Files */,
				173A28CD21922C8B003A90C6 /* Utils */,
				173A28CC21922C82003A90C6 /* Model */,
				173A28CB21922C7D003A90C6 /* View */,
				173A28CA21922C74003A90C6 /* Controller */,
				173A28C421922A97003A90C6 /* Info.plist */,
			);
			path = "Naamkaran Project";
			sourceTree = "<group>";
		};
		173A28CA21922C74003A90C6 /* Controller */ = {
			isa = PBXGroup;
			children = (
				173A28BA21922A94003A90C6 /* CategoryVC.swift */,
				171C5B192194330300240495 /* GenderVC.swift */,
				171C5B1F2194380600240495 /* DataVC.swift */,
			);
			path = Controller;
			sourceTree = "<group>";
		};
		173A28CB21922C7D003A90C6 /* View */ = {
			isa = PBXGroup;
			children = (
				173A28BC21922A94003A90C6 /* Main.storyboard */,
				17AB7EE12192414000E49873 /* CategoryCell.swift */,
				171C5B0F2192EFA200240495 /* GenderCell.swift */,
				171C5B212194632300240495 /* DataCell.swift */,
			);
			path = View;
			sourceTree = "<group>";
		};
		173A28CC21922C82003A90C6 /* Model */ = {
			isa = PBXGroup;
			children = (
				173A28D421922DFA003A90C6 /* Category.swift */,
				171C5B1B2194332600240495 /* Gender.swift */,
				171C5B1D219437C200240495 /* Data.swift */,
			);
			path = Model;
			sourceTree = "<group>";
		};
		173A28CD21922C8B003A90C6 /* Utils */ = {
			isa = PBXGroup;
			children = (
				173A28D021922DB7003A90C6 /* Constants.swift */,
			);
			path = Utils;
			sourceTree = "<group>";
		};
		173A28CE21922CA1003A90C6 /* Supporting Files */ = {
			isa = PBXGroup;
			children = (
				173A28B821922A94003A90C6 /* AppDelegate.swift */,
				173A28BF21922A97003A90C6 /* Assets.xcassets */,
				173A28C121922A97003A90C6 /* LaunchScreen.storyboard */,
			);
			path = "Supporting Files";
			sourceTree = "<group>";
		};
		173A28CF21922DA1003A90C6 /* Services */ = {
			isa = PBXGroup;
			children = (
				173A28D221922DEC003A90C6 /* CategoryService.swift */,
				171C5B13219429BA00240495 /* DataService.swift */,
			);
			path = Services;
			sourceTree = "<group>";
		};
/* End PBXGroup section */

/* Begin PBXNativeTarget section */
		173A28B421922A94003A90C6 /* Naamkaran Project */ = {
			isa = PBXNativeTarget;
			buildConfigurationList = 173A28C721922A97003A90C6 /* Build configuration list for PBXNativeTarget "Naamkaran Project" */;
			buildPhases = (
				173A28B121922A94003A90C6 /* Sources */,
				173A28B221922A94003A90C6 /* Frameworks */,
				173A28B321922A94003A90C6 /* Resources */,
			);
			buildRules = (
			);
			dependencies = (
			);
			name = "Naamkaran Project";
			productName = "Naamkaran Project";
			productReference = 173A28B521922A94003A90C6 /* Naamkaran Project.app */;
			productType = "com.apple.product-type.application";
		};
/* End PBXNativeTarget section */

/* Begin PBXProject section */
		173A28AD21922A94003A90C6 /* Project object */ = {
			isa = PBXProject;
			attributes = {
				LastSwiftUpdateCheck = 1000;
				LastUpgradeCheck = 1000;
				ORGANIZATIONNAME = "Ajinkya Sonar";
				TargetAttributes = {
					173A28B421922A94003A90C6 = {
						CreatedOnToolsVersion = 10.0;
					};
				};
			};
			buildConfigurationList = 173A28B021922A94003A90C6 /* Build configuration list for PBXProject "Naamkaran Project" */;
			compatibilityVersion = "Xcode 9.3";
			developmentRegion = en;
			hasScannedForEncodings = 0;
			knownRegions = (
				en,
				Base,
			);
			mainGroup = 173A28AC21922A94003A90C6;
			productRefGroup = 173A28B621922A94003A90C6 /* Products */;
			projectDirPath = "";
			projectRoot = "";
			targets = (
				173A28B421922A94003A90C6 /* Naamkaran Project */,
			);
		};
/* End PBXProject section */

/* Begin PBXResourcesBuildPhase section */
		173A28B321922A94003A90C6 /* Resources */ = {
			isa = PBXResourcesBuildPhase;
			buildActionMask = 2147483647;
			files = (
				173A28C321922A97003A90C6 /* LaunchScreen.storyboard in Resources */,
				173A28C021922A97003A90C6 /* Assets.xcassets in Resources */,
				173A28BE21922A94003A90C6 /* Main.storyboard in Resources */,
			);
			runOnlyForDeploymentPostprocessing = 0;
		};
/* End PBXResourcesBuildPhase section */

/* Begin PBXSourcesBuildPhase section */
		173A28B121922A94003A90C6 /* Sources */ = {
			isa = PBXSourcesBuildPhase;
			buildActionMask = 2147483647;
			files = (
				173A28BB21922A94003A90C6 /* CategoryVC.swift in Sources */,
				171C5B1C2194332600240495 /* Gender.swift in Sources */,
				173A28D521922DFA003A90C6 /* Category.swift in Sources */,
				171C5B222194632300240495 /* DataCell.swift in Sources */,
				173A28B921922A94003A90C6 /* AppDelegate.swift in Sources */,
				171C5B102192EFA200240495 /* GenderCell.swift in Sources */,
				171C5B0C2192C6F400240495 /* Gradient.swift in Sources */,
				171C5B14219429BA00240495 /* DataService.swift in Sources */,
				171C5B1E219437C200240495 /* Data.swift in Sources */,
				173A28D121922DB7003A90C6 /* Constants.swift in Sources */,
				171C5B202194380600240495 /* DataVC.swift in Sources */,
				171C5B1A2194330300240495 /* GenderVC.swift in Sources */,
				173A28D321922DEC003A90C6 /* CategoryService.swift in Sources */,
				17AB7EE22192414000E49873 /* CategoryCell.swift in Sources */,
			);
			runOnlyForDeploymentPostprocessing = 0;
		};
/* End PBXSourcesBuildPhase section */

/* Begin PBXVariantGroup section */
		173A28BC21922A94003A90C6 /* Main.storyboard */ = {
			isa = PBXVariantGroup;
			children = (
				173A28BD21922A94003A90C6 /* Base */,
			);
			name = Main.storyboard;
			sourceTree = "<group>";
		};
		173A28C121922A97003A90C6 /* LaunchScreen.storyboard */ = {
			isa = PBXVariantGroup;
			children = (
				173A28C221922A97003A90C6 /* Base */,
			);
			name = LaunchScreen.storyboard;
			sourceTree = "<group>";
		};
/* End PBXVariantGroup section */

/* Begin XCBuildConfiguration section */
		173A28C521922A97003A90C6 /* Debug */ = {
			isa = XCBuildConfiguration;
			buildSettings = {
				ALWAYS_SEARCH_USER_PATHS = NO;
				CLANG_ANALYZER_NONNULL = YES;
				CLANG_ANALYZER_NUMBER_OBJECT_CONVERSION = YES_AGGRESSIVE;
				CLANG_CXX_LANGUAGE_STANDARD = "gnu++14";
				CLANG_CXX_LIBRARY = "libc++";
				CLANG_ENABLE_MODULES = YES;
				CLANG_ENABLE_OBJC_ARC = YES;
				CLANG_ENABLE_OBJC_WEAK = YES;
				CLANG_WARN_BLOCK_CAPTURE_AUTORELEASING = YES;
				CLANG_WARN_BOOL_CONVERSION = YES;
				CLANG_WARN_COMMA = YES;
				CLANG_WARN_CONSTANT_CONVERSION = YES;
				CLANG_WARN_DEPRECATED_OBJC_IMPLEMENTATIONS = YES;
				CLANG_WARN_DIRECT_OBJC_ISA_USAGE = YES_ERROR;
				CLANG_WARN_DOCUMENTATION_COMMENTS = YES;
				CLANG_WARN_EMPTY_BODY = YES;
				CLANG_WARN_ENUM_CONVERSION = YES;
				CLANG_WARN_INFINITE_RECURSION = YES;
				CLANG_WARN_INT_CONVERSION = YES;
				CLANG_WARN_NON_LITERAL_NULL_CONVERSION = YES;
				CLANG_WARN_OBJC_IMPLICIT_RETAIN_SELF = YES;
				CLANG_WARN_OBJC_LITERAL_CONVERSION = YES;
				CLANG_WARN_OBJC_ROOT_CLASS = YES_ERROR;
				CLANG_WARN_RANGE_LOOP_ANALYSIS = YES;
				CLANG_WARN_STRICT_PROTOTYPES = YES;
				CLANG_WARN_SUSPICIOUS_MOVE = YES;
				CLANG_WARN_UNGUARDED_AVAILABILITY = YES_AGGRESSIVE;
				CLANG_WARN_UNREACHABLE_CODE = YES;
				CLANG_WARN__DUPLICATE_METHOD_MATCH = YES;
				CODE_SIGN_IDENTITY = "iPhone Developer";
				COPY_PHASE_STRIP = NO;
				DEBUG_INFORMATION_FORMAT = dwarf;
				ENABLE_STRICT_OBJC_MSGSEND = YES;
				ENABLE_TESTABILITY = YES;
				GCC_C_LANGUAGE_STANDARD = gnu11;
				GCC_DYNAMIC_NO_PIC = NO;
				GCC_NO_COMMON_BLOCKS = YES;
				GCC_OPTIMIZATION_LEVEL = 0;
				GCC_PREPROCESSOR_DEFINITIONS = (
					"DEBUG=1",
					"$(inherited)",
				);
				GCC_WARN_64_TO_32_BIT_CONVERSION = YES;
				GCC_WARN_ABOUT_RETURN_TYPE = YES_ERROR;
				GCC_WARN_UNDECLARED_SELECTOR = YES;
				GCC_WARN_UNINITIALIZED_AUTOS = YES_AGGRESSIVE;
				GCC_WARN_UNUSED_FUNCTION = YES;
				GCC_WARN_UNUSED_VARIABLE = YES;
				IPHONEOS_DEPLOYMENT_TARGET = 12.0;
				MTL_ENABLE_DEBUG_INFO = INCLUDE_SOURCE;
				MTL_FAST_MATH = YES;
				ONLY_ACTIVE_ARCH = YES;
				SDKROOT = iphoneos;
				SWIFT_ACTIVE_COMPILATION_CONDITIONS = DEBUG;
				SWIFT_OPTIMIZATION_LEVEL = "-Onone";
			};
			name = Debug;
		};
		173A28C621922A97003A90C6 /* Release */ = {
			isa = XCBuildConfiguration;
			buildSettings = {
				ALWAYS_SEARCH_USER_PATHS = NO;
				CLANG_ANALYZER_NONNULL = YES;
				CLANG_ANALYZER_NUMBER_OBJECT_CONVERSION = YES_AGGRESSIVE;
				CLANG_CXX_LANGUAGE_STANDARD = "gnu++14";
				CLANG_CXX_LIBRARY = "libc++";
				CLANG_ENABLE_MODULES = YES;
				CLANG_ENABLE_OBJC_ARC = YES;
				CLANG_ENABLE_OBJC_WEAK = YES;
				CLANG_WARN_BLOCK_CAPTURE_AUTORELEASING = YES;
				CLANG_WARN_BOOL_CONVERSION = YES;
				CLANG_WARN_COMMA = YES;
				CLANG_WARN_CONSTANT_CONVERSION = YES;
				CLANG_WARN_DEPRECATED_OBJC_IMPLEMENTATIONS = YES;
				CLANG_WARN_DIRECT_OBJC_ISA_USAGE = YES_ERROR;
				CLANG_WARN_DOCUMENTATION_COMMENTS = YES;
				CLANG_WARN_EMPTY_BODY = YES;
				CLANG_WARN_ENUM_CONVERSION = YES;
				CLANG_WARN_INFINITE_RECURSION = YES;
				CLANG_WARN_INT_CONVERSION = YES;
				CLANG_WARN_NON_LITERAL_NULL_CONVERSION = YES;
				CLANG_WARN_OBJC_IMPLICIT_RETAIN_SELF = YES;
				CLANG_WARN_OBJC_LITERAL_CONVERSION = YES;
				CLANG_WARN_OBJC_ROOT_CLASS = YES_ERROR;
				CLANG_WARN_RANGE_LOOP_ANALYSIS = YES;
				CLANG_WARN_STRICT_PROTOTYPES = YES;
				CLANG_WARN_SUSPICIOUS_MOVE = YES;
				CLANG_WARN_UNGUARDED_AVAILABILITY = YES_AGGRESSIVE;
				CLANG_WARN_UNREACHABLE_CODE = YES;
				CLANG_WARN__DUPLICATE_METHOD_MATCH = YES;
				CODE_SIGN_IDENTITY = "iPhone Developer";
				COPY_PHASE_STRIP = NO;
				DEBUG_INFORMATION_FORMAT = "dwarf-with-dsym";
				ENABLE_NS_ASSERTIONS = NO;
				ENABLE_STRICT_OBJC_MSGSEND = YES;
				GCC_C_LANGUAGE_STANDARD = gnu11;
				GCC_NO_COMMON_BLOCKS = YES;
				GCC_WARN_64_TO_32_BIT_CONVERSION = YES;
				GCC_WARN_ABOUT_RETURN_TYPE = YES_ERROR;
				GCC_WARN_UNDECLARED_SELECTOR = YES;
				GCC_WARN_UNINITIALIZED_AUTOS = YES_AGGRESSIVE;
				GCC_WARN_UNUSED_FUNCTION = YES;
				GCC_WARN_UNUSED_VARIABLE = YES;
				IPHONEOS_DEPLOYMENT_TARGET = 12.0;
				MTL_ENABLE_DEBUG_INFO = NO;
				MTL_FAST_MATH = YES;
				SDKROOT = iphoneos;
				SWIFT_COMPILATION_MODE = wholemodule;
				SWIFT_OPTIMIZATION_LEVEL = "-O";
				VALIDATE_PRODUCT = YES;
			};
			name = Release;
		};
		173A28C821922A97003A90C6 /* Debug */ = {
			isa = XCBuildConfiguration;
			buildSettings = {
				ASSETCATALOG_COMPILER_APPICON_NAME = AppIcon;
				CODE_SIGN_STYLE = Automatic;
				DEVELOPMENT_TEAM = YCPFBKZL7W;
				INFOPLIST_FILE = "Naamkaran Project/Info.plist";
				LD_RUNPATH_SEARCH_PATHS = (
					"$(inherited)",
					"@executable_path/Frameworks",
				);
				PRODUCT_BUNDLE_IDENTIFIER = "com.ajinkyasonar.Naamkaran-Project";
				PRODUCT_NAME = "$(TARGET_NAME)";
				SWIFT_VERSION = 4.2;
				TARGETED_DEVICE_FAMILY = "1,2";
			};
			name = Debug;
		};
		173A28C921922A97003A90C6 /* Release */ = {
			isa = XCBuildConfiguration;
			buildSettings = {
				ASSETCATALOG_COMPILER_APPICON_NAME = AppIcon;
				CODE_SIGN_STYLE = Automatic;
				DEVELOPMENT_TEAM = YCPFBKZL7W;
				INFOPLIST_FILE = "Naamkaran Project/Info.plist";
				LD_RUNPATH_SEARCH_PATHS = (
					"$(inherited)",
					"@executable_path/Frameworks",
				);
				PRODUCT_BUNDLE_IDENTIFIER = "com.ajinkyasonar.Naamkaran-Project";
				PRODUCT_NAME = "$(TARGET_NAME)";
				SWIFT_VERSION = 4.2;
				TARGETED_DEVICE_FAMILY = "1,2";
			};
			name = Release;
		};
/* End XCBuildConfiguration section */

/* Begin XCConfigurationList section */
		173A28B021922A94003A90C6 /* Build configuration list for PBXProject "Naamkaran Project" */ = {
			isa = XCConfigurationList;
			buildConfigurations = (
				173A28C521922A97003A90C6 /* Debug */,
				173A28C621922A97003A90C6 /* Release */,
			);
			defaultConfigurationIsVisible = 0;
			defaultConfigurationName = Release;
		};
		173A28C721922A97003A90C6 /* Build configuration list for PBXNativeTarget "Naamkaran Project" */ = {
			isa = XCConfigurationList;
			buildConfigurations = (
				173A28C821922A97003A90C6 /* Debug */,
				173A28C921922A97003A90C6 /* Release */,
			);
			defaultConfigurationIsVisible = 0;
			defaultConfigurationName = Release;
		};
/* End XCConfigurationList section */
	};
	rootObject = 173A28AD21922A94003A90C6 /* Project object */;
}
